
Microsoft Visual Studio Solution File, Format Version 12.00
# Visual Studio Version 17
VisualStudioVersion = 17.8.34330.188
MinimumVisualStudioVersion = 10.0.40219.1
Project("{2150E333-8FDC-42A3-9474-1A3956D46DE8}") = "src", "src", "{D52C1838-5690-4206-B3A5-10E890FD77CB}"
EndProject
Project("{2150E333-8FDC-42A3-9474-1A3956D46DE8}") = "api", "api", "{A54DE412-1D26-4296-93C8-9C1F5FA2B8BA}"
EndProject
Project("{FAE04EC0-301F-11D3-BF4B-00C04F79EFBC}") = "MBA.Educacao.Online.API", "api\MBA.Educacao.Online.API\MBA.Educacao.Online.API.csproj", "{49B51775-5BFB-4F70-BD90-4187C3AA2A3F}"
EndProject
Project("{2150E333-8FDC-42A3-9474-1A3956D46DE8}") = "Core", "Core", "{DC4AF0EF-BA26-4106-A536-009CE45BDFEA}"
EndProject
Project("{FAE04EC0-301F-11D3-BF4B-00C04F79EFBC}") = "MBA.Educacao.Online.Core.Domain", "src\Core\MBA.Educacao.Online.Core.Domain\MBA.Educacao.Online.Core.Domain.csproj", "{54463B41-BFB5-42B9-805A-0DDEA8D59C9E}"
EndProject
Project("{2150E333-8FDC-42A3-9474-1A3956D46DE8}") = "Alunos", "Alunos", "{A1FE9BA6-CCCA-473F-935D-CB6D8181CB82}"
EndProject
Project("{FAE04EC0-301F-11D3-BF4B-00C04F79EFBC}") = "MBA.Educacao.Online.Alunos.Domain", "src\Alunos\MBA.Educacao.Online.Alunos.Domain\MBA.Educacao.Online.Alunos.Domain.csproj", "{2DC72C53-E75A-47A4-8877-9B4F73D9840B}"
EndProject
Project("{FAE04EC0-301F-11D3-BF4B-00C04F79EFBC}") = "MBA.Educacao.Online.Alunos.Application", "src\Alunos\MBA.Educacao.Online.Alunos.Application\MBA.Educacao.Online.Alunos.Application.csproj", "{05482354-EE9C-4F3D-8679-ADADAE2ECAD8}"
EndProject
Project("{2150E333-8FDC-42A3-9474-1A3956D46DE8}") = "Cursos", "Cursos", "{8A65BA5A-033E-4187-82AE-B4292B1C47BA}"
EndProject
Project("{FAE04EC0-301F-11D3-BF4B-00C04F79EFBC}") = "MBA.Educacao.Online.Cursos.Domain", "src\Cursos\MBA.Educacao.Online.Cursos.Domain\MBA.Educacao.Online.Cursos.Domain.csproj", "{41AEE594-3B51-47DD-A82D-EC4B8032E3F6}"
EndProject
Project("{2150E333-8FDC-42A3-9474-1A3956D46DE8}") = "Pagamentos", "Pagamentos", "{701EB9E9-0F40-4C3B-BE30-97F8A4B98E63}"
EndProject
Project("{FAE04EC0-301F-11D3-BF4B-00C04F79EFBC}") = "MBA.Educacao.Online.Pagamentos.Domain", "src\Pagamentos\MBA.Educacao.Online.Pagamentos.Domain\MBA.Educacao.Online.Pagamentos.Domain.csproj", "{332D3D06-4474-43A3-A70F-695721C1A648}"
EndProject
Project("{FAE04EC0-301F-11D3-BF4B-00C04F79EFBC}") = "MBA.Educacao.Online.Alunos.Test", "test\Alunos\MBA.Educacao.Online.Alunos.Test\MBA.Educacao.Online.Alunos.Test.csproj", "{9518F5C4-599B-4EC2-AF4D-F35D47CA89D7}"
EndProject
Project("{FAE04EC0-301F-11D3-BF4B-00C04F79EFBC}") = "MBA.Educacao.Online.Core.Test", "test\Core\MBA.Educacao.Online.Core.Test\MBA.Educacao.Online.Core.Test.csproj", "{ED2C3D30-D35D-4DEC-9BE8-BAE0F686F520}"
EndProject
Project("{FAE04EC0-301F-11D3-BF4B-00C04F79EFBC}") = "MBA.Educacao.Online.Cursos.Application", "src\Cursos\MBA.Educacao.Online.Cursos.Application\MBA.Educacao.Online.Cursos.Application.csproj", "{BE9AF5E5-AD8C-4358-ADFD-9853B1E6884F}"
EndProject
Project("{FAE04EC0-301F-11D3-BF4B-00C04F79EFBC}") = "MBA.Educacao.Online.Pagamentos.Application", "src\Pagamentos\MBA.Educacao.Online.Pagamentos.Application\MBA.Educacao.Online.Pagamentos.Application.csproj", "{D770E01F-FF47-44A1-8279-49AC243530E1}"
EndProject
Project("{FAE04EC0-301F-11D3-BF4B-00C04F79EFBC}") = "MBA.Educacao.Online.Cursos.Test", "test\Cursos\MBA.Educacao.Online.Cursos.Test\MBA.Educacao.Online.Cursos.Test.csproj", "{ACA7A5B4-DB38-416D-9296-0BB024A6E4BC}"
EndProject
Project("{FAE04EC0-301F-11D3-BF4B-00C04F79EFBC}") = "MBA.Educacao.Online.Core.Data", "src\Core\MBA.Educacao.Online.Core.Data\MBA.Educacao.Online.Core.Data.csproj", "{AE41417A-F411-479D-9455-41BBFFC6883E}"
EndProject
Project("{FAE04EC0-301F-11D3-BF4B-00C04F79EFBC}") = "MBA.Educacao.Online.Cursos.Data", "src\Cursos\MBA.Educacao.Online.Cursos.Data\MBA.Educacao.Online.Cursos.Data.csproj", "{C6C7F8B2-1D0B-49E6-AF5C-1617955D5702}"
EndProject
Global
	GlobalSection(SolutionConfigurationPlatforms) = preSolution
		Debug|Any CPU = Debug|Any CPU
		Release|Any CPU = Release|Any CPU
	EndGlobalSection
	GlobalSection(ProjectConfigurationPlatforms) = postSolution
		{49B51775-5BFB-4F70-BD90-4187C3AA2A3F}.Debug|Any CPU.ActiveCfg = Debug|Any CPU
		{49B51775-5BFB-4F70-BD90-4187C3AA2A3F}.Debug|Any CPU.Build.0 = Debug|Any CPU
		{49B51775-5BFB-4F70-BD90-4187C3AA2A3F}.Release|Any CPU.ActiveCfg = Release|Any CPU
		{49B51775-5BFB-4F70-BD90-4187C3AA2A3F}.Release|Any CPU.Build.0 = Release|Any CPU
		{54463B41-BFB5-42B9-805A-0DDEA8D59C9E}.Debug|Any CPU.ActiveCfg = Debug|Any CPU
		{54463B41-BFB5-42B9-805A-0DDEA8D59C9E}.Debug|Any CPU.Build.0 = Debug|Any CPU
		{54463B41-BFB5-42B9-805A-0DDEA8D59C9E}.Release|Any CPU.ActiveCfg = Release|Any CPU
		{54463B41-BFB5-42B9-805A-0DDEA8D59C9E}.Release|Any CPU.Build.0 = Release|Any CPU
		{2DC72C53-E75A-47A4-8877-9B4F73D9840B}.Debug|Any CPU.ActiveCfg = Debug|Any CPU
		{2DC72C53-E75A-47A4-8877-9B4F73D9840B}.Debug|Any CPU.Build.0 = Debug|Any CPU
		{2DC72C53-E75A-47A4-8877-9B4F73D9840B}.Release|Any CPU.ActiveCfg = Release|Any CPU
		{2DC72C53-E75A-47A4-8877-9B4F73D9840B}.Release|Any CPU.Build.0 = Release|Any CPU
		{05482354-EE9C-4F3D-8679-ADADAE2ECAD8}.Debug|Any CPU.ActiveCfg = Debug|Any CPU
		{05482354-EE9C-4F3D-8679-ADADAE2ECAD8}.Debug|Any CPU.Build.0 = Debug|Any CPU
		{05482354-EE9C-4F3D-8679-ADADAE2ECAD8}.Release|Any CPU.ActiveCfg = Release|Any CPU
		{05482354-EE9C-4F3D-8679-ADADAE2ECAD8}.Release|Any CPU.Build.0 = Release|Any CPU
		{41AEE594-3B51-47DD-A82D-EC4B8032E3F6}.Debug|Any CPU.ActiveCfg = Debug|Any CPU
		{41AEE594-3B51-47DD-A82D-EC4B8032E3F6}.Debug|Any CPU.Build.0 = Debug|Any CPU
		{41AEE594-3B51-47DD-A82D-EC4B8032E3F6}.Release|Any CPU.ActiveCfg = Release|Any CPU
		{41AEE594-3B51-47DD-A82D-EC4B8032E3F6}.Release|Any CPU.Build.0 = Release|Any CPU
		{332D3D06-4474-43A3-A70F-695721C1A648}.Debug|Any CPU.ActiveCfg = Debug|Any CPU
		{332D3D06-4474-43A3-A70F-695721C1A648}.Debug|Any CPU.Build.0 = Debug|Any CPU
		{332D3D06-4474-43A3-A70F-695721C1A648}.Release|Any CPU.ActiveCfg = Release|Any CPU
		{332D3D06-4474-43A3-A70F-695721C1A648}.Release|Any CPU.Build.0 = Release|Any CPU
		{9518F5C4-599B-4EC2-AF4D-F35D47CA89D7}.Debug|Any CPU.ActiveCfg = Debug|Any CPU
		{9518F5C4-599B-4EC2-AF4D-F35D47CA89D7}.Debug|Any CPU.Build.0 = Debug|Any CPU
		{9518F5C4-599B-4EC2-AF4D-F35D47CA89D7}.Release|Any CPU.ActiveCfg = Release|Any CPU
		{9518F5C4-599B-4EC2-AF4D-F35D47CA89D7}.Release|Any CPU.Build.0 = Release|Any CPU
		{ED2C3D30-D35D-4DEC-9BE8-BAE0F686F520}.Debug|Any CPU.ActiveCfg = Debug|Any CPU
		{ED2C3D30-D35D-4DEC-9BE8-BAE0F686F520}.Debug|Any CPU.Build.0 = Debug|Any CPU
		{ED2C3D30-D35D-4DEC-9BE8-BAE0F686F520}.Release|Any CPU.ActiveCfg = Release|Any CPU
		{ED2C3D30-D35D-4DEC-9BE8-BAE0F686F520}.Release|Any CPU.Build.0 = Release|Any CPU
		{BE9AF5E5-AD8C-4358-ADFD-9853B1E6884F}.Debug|Any CPU.ActiveCfg = Debug|Any CPU
		{BE9AF5E5-AD8C-4358-ADFD-9853B1E6884F}.Debug|Any CPU.Build.0 = Debug|Any CPU
		{BE9AF5E5-AD8C-4358-ADFD-9853B1E6884F}.Release|Any CPU.ActiveCfg = Release|Any CPU
		{BE9AF5E5-AD8C-4358-ADFD-9853B1E6884F}.Release|Any CPU.Build.0 = Release|Any CPU
		{D770E01F-FF47-44A1-8279-49AC243530E1}.Debug|Any CPU.ActiveCfg = Debug|Any CPU
		{D770E01F-FF47-44A1-8279-49AC243530E1}.Debug|Any CPU.Build.0 = Debug|Any CPU
		{D770E01F-FF47-44A1-8279-49AC243530E1}.Release|Any CPU.ActiveCfg = Release|Any CPU
		{D770E01F-FF47-44A1-8279-49AC243530E1}.Release|Any CPU.Build.0 = Release|Any CPU
		{ACA7A5B4-DB38-416D-9296-0BB024A6E4BC}.Debug|Any CPU.ActiveCfg = Debug|Any CPU
		{ACA7A5B4-DB38-416D-9296-0BB024A6E4BC}.Debug|Any CPU.Build.0 = Debug|Any CPU
		{ACA7A5B4-DB38-416D-9296-0BB024A6E4BC}.Release|Any CPU.ActiveCfg = Release|Any CPU
		{ACA7A5B4-DB38-416D-9296-0BB024A6E4BC}.Release|Any CPU.Build.0 = Release|Any CPU
		{AE41417A-F411-479D-9455-41BBFFC6883E}.Debug|Any CPU.ActiveCfg = Debug|Any CPU
		{AE41417A-F411-479D-9455-41BBFFC6883E}.Debug|Any CPU.Build.0 = Debug|Any CPU
		{AE41417A-F411-479D-9455-41BBFFC6883E}.Release|Any CPU.ActiveCfg = Release|Any CPU
		{AE41417A-F411-479D-9455-41BBFFC6883E}.Release|Any CPU.Build.0 = Release|Any CPU
		{C6C7F8B2-1D0B-49E6-AF5C-1617955D5702}.Debug|Any CPU.ActiveCfg = Debug|Any CPU
		{C6C7F8B2-1D0B-49E6-AF5C-1617955D5702}.Debug|Any CPU.Build.0 = Debug|Any CPU
		{C6C7F8B2-1D0B-49E6-AF5C-1617955D5702}.Release|Any CPU.ActiveCfg = Release|Any CPU
		{C6C7F8B2-1D0B-49E6-AF5C-1617955D5702}.Release|Any CPU.Build.0 = Release|Any CPU
	EndGlobalSection
	GlobalSection(SolutionProperties) = preSolution
		HideSolutionNode = FALSE
	EndGlobalSection
	GlobalSection(NestedProjects) = preSolution
		{49B51775-5BFB-4F70-BD90-4187C3AA2A3F} = {A54DE412-1D26-4296-93C8-9C1F5FA2B8BA}
		{DC4AF0EF-BA26-4106-A536-009CE45BDFEA} = {D52C1838-5690-4206-B3A5-10E890FD77CB}
		{54463B41-BFB5-42B9-805A-0DDEA8D59C9E} = {DC4AF0EF-BA26-4106-A536-009CE45BDFEA}
		{A1FE9BA6-CCCA-473F-935D-CB6D8181CB82} = {D52C1838-5690-4206-B3A5-10E890FD77CB}
		{2DC72C53-E75A-47A4-8877-9B4F73D9840B} = {A1FE9BA6-CCCA-473F-935D-CB6D8181CB82}
		{05482354-EE9C-4F3D-8679-ADADAE2ECAD8} = {A1FE9BA6-CCCA-473F-935D-CB6D8181CB82}
		{8A65BA5A-033E-4187-82AE-B4292B1C47BA} = {D52C1838-5690-4206-B3A5-10E890FD77CB}
		{41AEE594-3B51-47DD-A82D-EC4B8032E3F6} = {8A65BA5A-033E-4187-82AE-B4292B1C47BA}
		{701EB9E9-0F40-4C3B-BE30-97F8A4B98E63} = {D52C1838-5690-4206-B3A5-10E890FD77CB}
		{332D3D06-4474-43A3-A70F-695721C1A648} = {701EB9E9-0F40-4C3B-BE30-97F8A4B98E63}
		{9518F5C4-599B-4EC2-AF4D-F35D47CA89D7} = {A1FE9BA6-CCCA-473F-935D-CB6D8181CB82}
		{ED2C3D30-D35D-4DEC-9BE8-BAE0F686F520} = {DC4AF0EF-BA26-4106-A536-009CE45BDFEA}
		{BE9AF5E5-AD8C-4358-ADFD-9853B1E6884F} = {8A65BA5A-033E-4187-82AE-B4292B1C47BA}
		{D770E01F-FF47-44A1-8279-49AC243530E1} = {701EB9E9-0F40-4C3B-BE30-97F8A4B98E63}
		{ACA7A5B4-DB38-416D-9296-0BB024A6E4BC} = {8A65BA5A-033E-4187-82AE-B4292B1C47BA}
		{AE41417A-F411-479D-9455-41BBFFC6883E} = {DC4AF0EF-BA26-4106-A536-009CE45BDFEA}
		{C6C7F8B2-1D0B-49E6-AF5C-1617955D5702} = {8A65BA5A-033E-4187-82AE-B4292B1C47BA}
	EndGlobalSection
	GlobalSection(ExtensibilityGlobals) = postSolution
		SolutionGuid = {38ADCE19-E311-4B09-A1B9-11011B9C85C7}
	EndGlobalSection
EndGlobal
